PODS:
  - EZAudio (1.1.5):
    - EZAudio/Full (= 1.1.5)
  - EZAudio/Core (1.1.5)
  - EZAudio/Full (1.1.5):
    - EZAudio/Core
    - TPCircularBuffer (= 1.1)
  - NCMB (2.3.0)
  - TPCircularBuffer (1.1)

DEPENDENCIES:
  - EZAudio
  - NCMB (from `https://github.com/NIFTYCloud-mbaas/ncmb_ios.git`)

EXTERNAL SOURCES:
  NCMB:
    :git: https://github.com/NIFTYCloud-mbaas/ncmb_ios.git

CHECKOUT OPTIONS:
  NCMB:
    :commit: e599f10d7dadb6b4248d3e5bf9d674d6ad2b212d
    :git: https://github.com/NIFTYCloud-mbaas/ncmb_ios.git

SPEC CHECKSUMS:
  EZAudio: 3b1cb4b6d7ebca68f0c2478576d75940aad4aa99
  NCMB: a153b3f99d7b3d530eba60dba065487c63962e2d
  TPCircularBuffer: 4960a919e667280f7f38963d771f45871b64fe62

COCOAPODS: 0.39.0
