PODS:
  - EZAudio (1.1.2):
    - EZAudio/Full (= 1.1.2)
  - EZAudio/Core (1.1.2)
  - EZAudio/Full (1.1.2):
    - EZAudio/Core
    - TPCircularBuffer (~> 0.0)
  - KeychainAccess (2.3.3)
  - KYShutterButton (1.0.3)
  - NCMB (2.3.0)
  - TPCircularBuffer (0.0.1)
  - UNAlertView (0.1.1)

DEPENDENCIES:
  - EZAudio (= 1.1.2)
  - KeychainAccess
  - KYShutterButton (= 1.0.3)
  - NCMB (from `https://github.com/NIFTYCloud-mbaas/ncmb_ios.git`)
  - UNAlertView

EXTERNAL SOURCES:
  NCMB:
    :git: https://github.com/NIFTYCloud-mbaas/ncmb_ios.git

CHECKOUT OPTIONS:
  NCMB:
    :commit: e599f10d7dadb6b4248d3e5bf9d674d6ad2b212d
    :git: https://github.com/NIFTYCloud-mbaas/ncmb_ios.git

SPEC CHECKSUMS:
  EZAudio: 01373de2b1257b77be1bf13753fb1c4ea8a9777e
  KeychainAccess: 9b7e49e48277e329b1b3195e54697ed313d30acf
  KYShutterButton: 2fc63b04f4471281728fd7536df5c1aaf2c56ae0
  NCMB: a153b3f99d7b3d530eba60dba065487c63962e2d
  TPCircularBuffer: 949e9632b9fb99b7274d7b2296ee22bff5841e35
  UNAlertView: fc58ca04357a5e8e7e1eb2803fc8152a89e9ce39

COCOAPODS: 0.39.0
